dependencies:
  espressif/esp-zigbee-lib:
    component_hash: 823ee1604d896bdcfd3d5dbe2b1eb84fdf089cffcbbe50e46d01d647861710ba
    dependencies:
    - name: idf
      require: private
      version: '>=5.0'
    source:
      registry_url: https://components.espressif.com/
      type: service
    version: 2.0.0
  idf:
    source:
      type: idf
    version: 5.5.4
direct_dependencies:
- espressif/esp-zigbee-lib
- idf
manifest_hash: a11fc2838d3a62c530048ff9b61a4b2dff615242145ff1193d6d53cec0668343
target: esp32h2
version: 2.0.0
